// !$*UTF8*$!
{
	archiveVersion = 1;
	classes = {
	};
	objectVersion = 46;
	objects = {

/* Begin PBXBuildFile section */
		C975DFC813B8EE9B00472225 /* InfoPlist.strings in Resources */ = {isa = PBXBuildFile; fileRef = C975DFC613B8EE9B00472225 /* InfoPlist.strings */; };
		C975DFCA13B8EE9B00472225 /* main.m in Sources */ = {isa = PBXBuildFile; fileRef = C975DFC913B8EE9B00472225 /* main.m */; };
		C975DFCE13B8EE9B00472225 /* AppDelegate.m in Sources */ = {isa = PBXBuildFile; fileRef = C975DFCD13B8EE9B00472225 /* AppDelegate.m */; };
		C975DFD013B8EE9B00472225 /* ViewController.h in Resources */ = {isa = PBXBuildFile; fileRef = C975DFCF13B8EE9B00472225 /* ViewController.h */; };
		C975DFD213B8EE9B00472225 /* ViewController.m in Sources */ = {isa = PBXBuildFile; fileRef = C975DFD113B8EE9B00472225 /* ViewController.m */; };
		C975DFDD13B8EF1F00472225 /* BallLayer.m in Sources */ = {isa = PBXBuildFile; fileRef = C975DFDC13B8EF1F00472225 /* BallLayer.m */; };
/* End PBXBuildFile section */

/* Begin PBXFileReference section */
		C975DFB913B8EE9B00472225 /* AnimationFromTo.app */ = {isa = PBXFileReference; explicitFileType = wrapper.application; includeInIndex = 0; path = AnimationFromTo.app; sourceTree = BUILT_PRODUCTS_DIR; };
		C975DFC513B8EE9B00472225 /* AnimationFromTo-Info.plist */ = {isa = PBXFileReference; lastKnownFileType = text.plist.xml; path = "AnimationFromTo-Info.plist"; sourceTree = "<group>"; };
		C975DFC713B8EE9B00472225 /* en */ = {isa = PBXFileReference; lastKnownFileType = text.plist.strings; name = en; path = en.lproj/InfoPlist.strings; sourceTree = "<group>"; };
		C975DFC913B8EE9B00472225 /* main.m */ = {isa = PBXFileReference; lastKnownFileType = sourcecode.c.objc; path = main.m; sourceTree = "<group>"; };
		C975DFCB13B8EE9B00472225 /* AnimationFromTo-Prefix.pch */ = {isa = PBXFileReference; lastKnownFileType = sourcecode.c.h; path = "AnimationFromTo-Prefix.pch"; sourceTree = "<group>"; };
		C975DFCC13B8EE9B00472225 /* AppDelegate.h */ = {isa = PBXFileReference; lastKnownFileType = sourcecode.c.h; path = AppDelegate.h; sourceTree = "<group>"; };
		C975DFCD13B8EE9B00472225 /* AppDelegate.m */ = {isa = PBXFileReference; lastKnownFileType = sourcecode.c.objc; path = AppDelegate.m; sourceTree = "<group>"; };
		C975DFCF13B8EE9B00472225 /* ViewController.h */ = {isa = PBXFileReference; lastKnownFileType = sourcecode.c.h; path = ViewController.h; sourceTree = "<group>"; };
		C975DFD113B8EE9B00472225 /* ViewController.m */ = {isa = PBXFileReference; lastKnownFileType = sourcecode.c.objc; path = ViewController.m; sourceTree = "<group>"; };
		C975DFDB13B8EF1F00472225 /* BallLayer.h */ = {isa = PBXFileReference; fileEncoding = 4; lastKnownFileType = sourcecode.c.h; path = BallLayer.h; sourceTree = "<group>"; };
		C975DFDC13B8EF1F00472225 /* BallLayer.m */ = {isa = PBXFileReference; fileEncoding = 4; lastKnownFileType = sourcecode.c.objc; path = BallLayer.m; sourceTree = "<group>"; };
/* End PBXFileReference section */

/* Begin PBXFrameworksBuildPhase section */
		C975DFB613B8EE9B00472225 /* Frameworks */ = {
			isa = PBXFrameworksBuildPhase;
			buildActionMask = 2147483647;
			files = (
			);
			runOnlyForDeploymentPostprocessing = 0;
		};
/* End PBXFrameworksBuildPhase section */

/* Begin PBXGroup section */
		C975DFAE13B8EE9B00472225 = {
			isa = PBXGroup;
			children = (
				C975DFC313B8EE9B00472225 /* AnimationFromTo */,
				C975DFBC13B8EE9B00472225 /* Frameworks */,
				C975DFBA13B8EE9B00472225 /* Products */,
			);
			sourceTree = "<group>";
		};
		C975DFBA13B8EE9B00472225 /* Products */ = {
			isa = PBXGroup;
			children = (
				C975DFB913B8EE9B00472225 /* AnimationFromTo.app */,
			);
			name = Products;
			sourceTree = "<group>";
		};
		C975DFBC13B8EE9B00472225 /* Frameworks */ = {
			isa = PBXGroup;
			children = (
			);
			name = Frameworks;
			sourceTree = "<group>";
		};
		C975DFC313B8EE9B00472225 /* AnimationFromTo */ = {
			isa = PBXGroup;
			children = (
				C975DFDB13B8EF1F00472225 /* BallLayer.h */,
				C975DFDC13B8EF1F00472225 /* BallLayer.m */,
				C975DFCC13B8EE9B00472225 /* AppDelegate.h */,
				C975DFCD13B8EE9B00472225 /* AppDelegate.m */,
				C975DFCF13B8EE9B00472225 /* ViewController.h */,
				C975DFD113B8EE9B00472225 /* ViewController.m */,
				C975DFC413B8EE9B00472225 /* Supporting Files */,
			);
			path = AnimationFromTo;
			sourceTree = "<group>";
		};
		C975DFC413B8EE9B00472225 /* Supporting Files */ = {
			isa = PBXGroup;
			children = (
				C975DFC513B8EE9B00472225 /* AnimationFromTo-Info.plist */,
				C975DFC613B8EE9B00472225 /* InfoPlist.strings */,
				C975DFC913B8EE9B00472225 /* main.m */,
				C975DFCB13B8EE9B00472225 /* AnimationFromTo-Prefix.pch */,
			);
			name = "Supporting Files";
			sourceTree = "<group>";
		};
/* End PBXGroup section */

/* Begin PBXNativeTarget section */
		C975DFB813B8EE9B00472225 /* AnimationFromTo */ = {
			isa = PBXNativeTarget;
			buildConfigurationList = C975DFD813B8EE9B00472225 /* Build configuration list for PBXNativeTarget "AnimationFromTo" */;
			buildPhases = (
				C975DFB513B8EE9B00472225 /* Sources */,
				C975DFB613B8EE9B00472225 /* Frameworks */,
				C975DFB713B8EE9B00472225 /* Resources */,
			);
			buildRules = (
			);
			dependencies = (
			);
			name = AnimationFromTo;
			productName = AnimationFromTo;
			productReference = C975DFB913B8EE9B00472225 /* AnimationFromTo.app */;
			productType = "com.apple.product-type.application";
		};
/* End PBXNativeTarget section */

/* Begin PBXProject section */
		C975DFB013B8EE9B00472225 /* Project object */ = {
			isa = PBXProject;
			attributes = {
				LastUpgradeCheck = 0600;
			};
			buildConfigurationList = C975DFB313B8EE9B00472225 /* Build configuration list for PBXProject "AnimationFromTo" */;
			compatibilityVersion = "Xcode 3.2";
			developmentRegion = English;
			hasScannedForEncodings = 0;
			knownRegions = (
				en,
			);
			mainGroup = C975DFAE13B8EE9B00472225;
			productRefGroup = C975DFBA13B8EE9B00472225 /* Products */;
			projectDirPath = "";
			projectRoot = "";
			targets = (
				C975DFB813B8EE9B00472225 /* AnimationFromTo */,
			);
		};
/* End PBXProject section */

/* Begin PBXResourcesBuildPhase section */
		C975DFB713B8EE9B00472225 /* Resources */ = {
			isa = PBXResourcesBuildPhase;
			buildActionMask = 2147483647;
			files = (
				C975DFC813B8EE9B00472225 /* InfoPlist.strings in Resources */,
				C975DFD013B8EE9B00472225 /* ViewController.h in Resources */,
			);
			runOnlyForDeploymentPostprocessing = 0;
		};
/* End PBXResourcesBuildPhase section */

/* Begin PBXSourcesBuildPhase section */
		C975DFB513B8EE9B00472225 /* Sources */ = {
			isa = PBXSourcesBuildPhase;
			buildActionMask = 2147483647;
			files = (
				C975DFCA13B8EE9B00472225 /* main.m in Sources */,
				C975DFCE13B8EE9B00472225 /* AppDelegate.m in Sources */,
				C975DFD213B8EE9B00472225 /* ViewController.m in Sources */,
				C975DFDD13B8EF1F00472225 /* BallLayer.m in Sources */,
			);
			runOnlyForDeploymentPostprocessing = 0;
		};
/* End PBXSourcesBuildPhase section */

/* Begin PBXVariantGroup section */
		C975DFC613B8EE9B00472225 /* InfoPlist.strings */ = {
			isa = PBXVariantGroup;
			children = (
				C975DFC713B8EE9B00472225 /* en */,
			);
			name = InfoPlist.strings;
			sourceTree = "<group>";
		};
/* End PBXVariantGroup section */

/* Begin XCBuildConfiguration section */
		C975DFD613B8EE9B00472225 /* Debug */ = {
			isa = XCBuildConfiguration;
			buildSettings = {
				ALWAYS_SEARCH_USER_PATHS = NO;
				CLANG_ENABLE_MODULES = YES;
				CLANG_ENABLE_OBJC_ARC = YES;
				CLANG_WARN_BOOL_CONVERSION = YES;
				CLANG_WARN_CONSTANT_CONVERSION = YES;
				CLANG_WARN_EMPTY_BODY = YES;
				CLANG_WARN_ENUM_CONVERSION = YES;
				CLANG_WARN_INT_CONVERSION = YES;
				CLANG_WARN_UNREACHABLE_CODE = YES;
				CLANG_WARN__DUPLICATE_METHOD_MATCH = YES;
				"CODE_SIGN_IDENTITY[sdk=iphoneos*]" = "iPhone Developer";
				COPY_PHASE_STRIP = NO;
				ENABLE_STRICT_OBJC_MSGSEND = YES;
				GCC_C_LANGUAGE_STANDARD = gnu99;
				GCC_DYNAMIC_NO_PIC = NO;
				GCC_OPTIMIZATION_LEVEL = 0;
				GCC_PREPROCESSOR_DEFINITIONS = (
					"DEBUG=1",
					"$(inherited)",
				);
				GCC_SYMBOLS_PRIVATE_EXTERN = NO;
				GCC_VERSION = com.apple.compilers.llvm.clang.1_0;
				GCC_WARN_64_TO_32_BIT_CONVERSION = YES;
				GCC_WARN_ABOUT_MISSING_PROTOTYPES = YES;
				GCC_WARN_ABOUT_RETURN_TYPE = YES;
				GCC_WARN_UNDECLARED_SELECTOR = YES;
				GCC_WARN_UNINITIALIZED_AUTOS = YES;
				GCC_WARN_UNUSED_FUNCTION = YES;
				GCC_WARN_UNUSED_VARIABLE = YES;
				IPHONEOS_DEPLOYMENT_TARGET = 8.0;
				ONLY_ACTIVE_ARCH = YES;
				SDKROOT = iphoneos;
			};
			name = Debug;
		};
		C975DFD713B8EE9B00472225 /* Release */ = {
			isa = XCBuildConfiguration;
			buildSettings = {
				ALWAYS_SEARCH_USER_PATHS = NO;
				CLANG_ENABLE_MODULES = YES;
				CLANG_ENABLE_OBJC_ARC = YES;
				CLANG_WARN_BOOL_CONVERSION = YES;
				CLANG_WARN_CONSTANT_CONVERSION = YES;
				CLANG_WARN_EMPTY_BODY = YES;
				CLANG_WARN_ENUM_CONVERSION = YES;
				CLANG_WARN_INT_CONVERSION = YES;
				CLANG_WARN_UNREACHABLE_CODE = YES;
				CLANG_WARN__DUPLICATE_METHOD_MATCH = YES;
				"CODE_SIGN_IDENTITY[sdk=iphoneos*]" = "iPhone Developer";
				COPY_PHASE_STRIP = YES;
				ENABLE_STRICT_OBJC_MSGSEND = YES;
				GCC_C_LANGUAGE_STANDARD = gnu99;
				GCC_VERSION = com.apple.compilers.llvm.clang.1_0;
				GCC_WARN_64_TO_32_BIT_CONVERSION = YES;
				GCC_WARN_ABOUT_MISSING_PROTOTYPES = YES;
				GCC_WARN_ABOUT_RETURN_TYPE = YES;
				GCC_WARN_UNDECLARED_SELECTOR = YES;
				GCC_WARN_UNINITIALIZED_AUTOS = YES;
				GCC_WARN_UNUSED_FUNCTION = YES;
				GCC_WARN_UNUSED_VARIABLE = YES;
				IPHONEOS_DEPLOYMENT_TARGET = 8.0;
				OTHER_CFLAGS = "-DNS_BLOCK_ASSERTIONS=1";
				SDKROOT = iphoneos;
				VALIDATE_PRODUCT = YES;
			};
			name = Release;
		};
		C975DFD913B8EE9B00472225 /* Debug */ = {
			isa = XCBuildConfiguration;
			buildSettings = {
				GCC_PRECOMPILE_PREFIX_HEADER = YES;
				GCC_PREFIX_HEADER = "AnimationFromTo/AnimationFromTo-Prefix.pch";
				INFOPLIST_FILE = "AnimationFromTo/AnimationFromTo-Info.plist";
				PRODUCT_NAME = "$(TARGET_NAME)";
				WRAPPER_EXTENSION = app;
			};
			name = Debug;
		};
		C975DFDA13B8EE9B00472225 /* Release */ = {
			isa = XCBuildConfiguration;
			buildSettings = {
				GCC_PRECOMPILE_PREFIX_HEADER = YES;
				GCC_PREFIX_HEADER = "AnimationFromTo/AnimationFromTo-Prefix.pch";
				INFOPLIST_FILE = "AnimationFromTo/AnimationFromTo-Info.plist";
				PRODUCT_NAME = "$(TARGET_NAME)";
				WRAPPER_EXTENSION = app;
			};
			name = Release;
		};
/* End XCBuildConfiguration section */

/* Begin XCConfigurationList section */
		C975DFB313B8EE9B00472225 /* Build configuration list for PBXProject "AnimationFromTo" */ = {
			isa = XCConfigurationList;
			buildConfigurations = (
				C975DFD613B8EE9B00472225 /* Debug */,
				C975DFD713B8EE9B00472225 /* Release */,
			);
			defaultConfigurationIsVisible = 0;
			defaultConfigurationName = Release;
		};
		C975DFD813B8EE9B00472225 /* Build configuration list for PBXNativeTarget "AnimationFromTo" */ = {
			isa = XCConfigurationList;
			buildConfigurations = (
				C975DFD913B8EE9B00472225 /* Debug */,
				C975DFDA13B8EE9B00472225 /* Release */,
			);
			defaultConfigurationIsVisible = 0;
			defaultConfigurationName = Release;
		};
/* End XCConfigurationList section */
	};
	rootObject = C975DFB013B8EE9B00472225 /* Project object */;
}
